
Microsoft Visual Studio Solution File, Format Version 12.00
# Visual Studio Version 17
VisualStudioVersion = 17.3.32901.215
MinimumVisualStudioVersion = 10.0.40219.1
Project("{FAE04EC0-301F-11D3-BF4B-00C04F79EFBC}") = "bookAuthors", "bookAuthors\bookAuthors.csproj", "{E45C674E-6404-4347-94E6-F68C76507E0B}"
EndProject
Global
	GlobalSection(SolutionConfigurationPlatforms) = preSolution
		Debug|Any CPU = Debug|Any CPU
		Release|Any CPU = Release|Any CPU
	EndGlobalSection
	GlobalSection(ProjectConfigurationPlatforms) = postSolution
		{E45C674E-6404-4347-94E6-F68C76507E0B}.Debug|Any CPU.ActiveCfg = Debug|Any CPU
		{E45C674E-6404-4347-94E6-F68C76507E0B}.Debug|Any CPU.Build.0 = Debug|Any CPU
		{E45C674E-6404-4347-94E6-F68C76507E0B}.Release|Any CPU.ActiveCfg = Release|Any CPU
		{E45C674E-6404-4347-94E6-F68C76507E0B}.Release|Any CPU.Build.0 = Release|Any CPU
	EndGlobalSection
	GlobalSection(SolutionProperties) = preSolution
		HideSolutionNode = FALSE
	EndGlobalSection
	GlobalSection(ExtensibilityGlobals) = postSolution
		SolutionGuid = {39E77E6A-5833-431E-863D-413EEFDDF169}
	EndGlobalSection
EndGlobal
