
Microsoft Visual Studio Solution File, Format Version 12.00
# Visual Studio Version 17
VisualStudioVersion = 17.3.32901.215
MinimumVisualStudioVersion = 10.0.40219.1
Project("{FAE04EC0-301F-11D3-BF4B-00C04F79EFBC}") = "bookAuthor", "bookAuthor\bookAuthor.csproj", "{C92DC02B-7749-414C-8EEE-477641154BFC}"
EndProject
Global
	GlobalSection(SolutionConfigurationPlatforms) = preSolution
		Debug|Any CPU = Debug|Any CPU
		Release|Any CPU = Release|Any CPU
	EndGlobalSection
	GlobalSection(ProjectConfigurationPlatforms) = postSolution
		{C92DC02B-7749-414C-8EEE-477641154BFC}.Debug|Any CPU.ActiveCfg = Debug|Any CPU
		{C92DC02B-7749-414C-8EEE-477641154BFC}.Debug|Any CPU.Build.0 = Debug|Any CPU
		{C92DC02B-7749-414C-8EEE-477641154BFC}.Release|Any CPU.ActiveCfg = Release|Any CPU
		{C92DC02B-7749-414C-8EEE-477641154BFC}.Release|Any CPU.Build.0 = Release|Any CPU
	EndGlobalSection
	GlobalSection(SolutionProperties) = preSolution
		HideSolutionNode = FALSE
	EndGlobalSection
	GlobalSection(ExtensibilityGlobals) = postSolution
		SolutionGuid = {CA6024AA-C75D-4078-A377-13179530BF04}
	EndGlobalSection
EndGlobal
