
Microsoft Visual Studio Solution File, Format Version 12.00
# Visual Studio Version 17
VisualStudioVersion = 17.3.32819.101
MinimumVisualStudioVersion = 10.0.40219.1
Project("{FAE04EC0-301F-11D3-BF4B-00C04F79EFBC}") = "test 4 9-9", "test 4 9-9\test 4 9-9.csproj", "{2971D12B-2269-4306-8EFB-5627BEE5E019}"
EndProject
Global
	GlobalSection(SolutionConfigurationPlatforms) = preSolution
		Debug|Any CPU = Debug|Any CPU
		Release|Any CPU = Release|Any CPU
	EndGlobalSection
	GlobalSection(ProjectConfigurationPlatforms) = postSolution
		{2971D12B-2269-4306-8EFB-5627BEE5E019}.Debug|Any CPU.ActiveCfg = Debug|Any CPU
		{2971D12B-2269-4306-8EFB-5627BEE5E019}.Debug|Any CPU.Build.0 = Debug|Any CPU
		{2971D12B-2269-4306-8EFB-5627BEE5E019}.Release|Any CPU.ActiveCfg = Release|Any CPU
		{2971D12B-2269-4306-8EFB-5627BEE5E019}.Release|Any CPU.Build.0 = Release|Any CPU
	EndGlobalSection
	GlobalSection(SolutionProperties) = preSolution
		HideSolutionNode = FALSE
	EndGlobalSection
	GlobalSection(ExtensibilityGlobals) = postSolution
		SolutionGuid = {24A8FCE6-B38C-4FD7-AEAF-784958BE1218}
	EndGlobalSection
EndGlobal
